
Microsoft Visual Studio Solution File, Format Version 12.00
# Visual Studio 14
VisualStudioVersion = 14.0.23107.0
MinimumVisualStudioVersion = 10.0.40219.1
Project("{FAE04EC0-301F-11D3-BF4B-00C04F79EFBC}") = "KentriosiPhotosContests.Models", "KentriosiPhotosContests.Models\KentriosiPhotosContests.Models.csproj", "{0D50EE5B-3FBB-45D5-9271-4D81867CE166}"
EndProject
Project("{FAE04EC0-301F-11D3-BF4B-00C04F79EFBC}") = "KentriosiPhotosContests.Data", "KentriosiPhotosContests.Data\KentriosiPhotosContests.Data.csproj", "{780BD90A-EC24-4208-8549-A718DF635C5E}"
EndProject
Project("{FAE04EC0-301F-11D3-BF4B-00C04F79EFBC}") = "KentriosiPhotosContests.MVC", "KentriosiPhotosContests.MVC\KentriosiPhotosContests.MVC.csproj", "{3BCD503E-FE31-454A-8391-55C1DD99F0BD}"
EndProject
Project("{FAE04EC0-301F-11D3-BF4B-00C04F79EFBC}") = "KentriosiPhotosContests.MVC.Tests", "KentriosiPhotosContests.MVC.Tests\KentriosiPhotosContests.MVC.Tests.csproj", "{C518DC59-D111-4A98-AD34-57FB41919BBA}"
EndProject
Project("{FAE04EC0-301F-11D3-BF4B-00C04F79EFBC}") = "KentriosiPhotosContests.Services", "KentriosiPhotosContests.Services\KentriosiPhotosContests.Services.csproj", "{E38474EB-E3F5-4DB0-9ECB-4001B7CFA763}"
EndProject
Project("{FAE04EC0-301F-11D3-BF4B-00C04F79EFBC}") = "KentriosiPhotosContests.Common", "KentriosiPhotosContests.Common\KentriosiPhotosContests.Common.csproj", "{7FB86DBF-8CD2-4476-B7E8-B55E4F6894E1}"
EndProject
Global
	GlobalSection(SolutionConfigurationPlatforms) = preSolution
		Debug|Any CPU = Debug|Any CPU
		Release|Any CPU = Release|Any CPU
	EndGlobalSection
	GlobalSection(ProjectConfigurationPlatforms) = postSolution
		{0D50EE5B-3FBB-45D5-9271-4D81867CE166}.Debug|Any CPU.ActiveCfg = Debug|Any CPU
		{0D50EE5B-3FBB-45D5-9271-4D81867CE166}.Debug|Any CPU.Build.0 = Debug|Any CPU
		{0D50EE5B-3FBB-45D5-9271-4D81867CE166}.Release|Any CPU.ActiveCfg = Release|Any CPU
		{0D50EE5B-3FBB-45D5-9271-4D81867CE166}.Release|Any CPU.Build.0 = Release|Any CPU
		{780BD90A-EC24-4208-8549-A718DF635C5E}.Debug|Any CPU.ActiveCfg = Debug|Any CPU
		{780BD90A-EC24-4208-8549-A718DF635C5E}.Debug|Any CPU.Build.0 = Debug|Any CPU
		{780BD90A-EC24-4208-8549-A718DF635C5E}.Release|Any CPU.ActiveCfg = Release|Any CPU
		{780BD90A-EC24-4208-8549-A718DF635C5E}.Release|Any CPU.Build.0 = Release|Any CPU
		{3BCD503E-FE31-454A-8391-55C1DD99F0BD}.Debug|Any CPU.ActiveCfg = Debug|Any CPU
		{3BCD503E-FE31-454A-8391-55C1DD99F0BD}.Debug|Any CPU.Build.0 = Debug|Any CPU
		{3BCD503E-FE31-454A-8391-55C1DD99F0BD}.Release|Any CPU.ActiveCfg = Release|Any CPU
		{3BCD503E-FE31-454A-8391-55C1DD99F0BD}.Release|Any CPU.Build.0 = Release|Any CPU
		{C518DC59-D111-4A98-AD34-57FB41919BBA}.Debug|Any CPU.ActiveCfg = Debug|Any CPU
		{C518DC59-D111-4A98-AD34-57FB41919BBA}.Debug|Any CPU.Build.0 = Debug|Any CPU
		{C518DC59-D111-4A98-AD34-57FB41919BBA}.Release|Any CPU.ActiveCfg = Release|Any CPU
		{C518DC59-D111-4A98-AD34-57FB41919BBA}.Release|Any CPU.Build.0 = Release|Any CPU
		{E38474EB-E3F5-4DB0-9ECB-4001B7CFA763}.Debug|Any CPU.ActiveCfg = Debug|Any CPU
		{E38474EB-E3F5-4DB0-9ECB-4001B7CFA763}.Debug|Any CPU.Build.0 = Debug|Any CPU
		{E38474EB-E3F5-4DB0-9ECB-4001B7CFA763}.Release|Any CPU.ActiveCfg = Release|Any CPU
		{E38474EB-E3F5-4DB0-9ECB-4001B7CFA763}.Release|Any CPU.Build.0 = Release|Any CPU
		{7FB86DBF-8CD2-4476-B7E8-B55E4F6894E1}.Debug|Any CPU.ActiveCfg = Debug|Any CPU
		{7FB86DBF-8CD2-4476-B7E8-B55E4F6894E1}.Debug|Any CPU.Build.0 = Debug|Any CPU
		{7FB86DBF-8CD2-4476-B7E8-B55E4F6894E1}.Release|Any CPU.ActiveCfg = Release|Any CPU
		{7FB86DBF-8CD2-4476-B7E8-B55E4F6894E1}.Release|Any CPU.Build.0 = Release|Any CPU
	EndGlobalSection
	GlobalSection(SolutionProperties) = preSolution
		HideSolutionNode = FALSE
	EndGlobalSection
EndGlobal
